
Microsoft Visual Studio Solution File, Format Version 12.00
# Visual Studio Version 16
VisualStudioVersion = 16.0.32510.428
MinimumVisualStudioVersion = 10.0.40219.1
Project("{FAE04EC0-301F-11D3-BF4B-00C04F79EFBC}") = "131_ExeCRUDWinForm_", "131_ExeCRUDWinForm_\131_ExeCRUDWinForm_.csproj", "{8B20F0BA-84DD-484C-81C9-09EF1C805B88}"
EndProject
Global
	GlobalSection(SolutionConfigurationPlatforms) = preSolution
		Debug|Any CPU = Debug|Any CPU
		Release|Any CPU = Release|Any CPU
	EndGlobalSection
	GlobalSection(ProjectConfigurationPlatforms) = postSolution
		{8B20F0BA-84DD-484C-81C9-09EF1C805B88}.Debug|Any CPU.ActiveCfg = Debug|Any CPU
		{8B20F0BA-84DD-484C-81C9-09EF1C805B88}.Debug|Any CPU.Build.0 = Debug|Any CPU
		{8B20F0BA-84DD-484C-81C9-09EF1C805B88}.Release|Any CPU.ActiveCfg = Release|Any CPU
		{8B20F0BA-84DD-484C-81C9-09EF1C805B88}.Release|Any CPU.Build.0 = Release|Any CPU
	EndGlobalSection
	GlobalSection(SolutionProperties) = preSolution
		HideSolutionNode = FALSE
	EndGlobalSection
	GlobalSection(ExtensibilityGlobals) = postSolution
		SolutionGuid = {1AEDE852-3F35-4F8D-9F21-F9FFAC9292ED}
	EndGlobalSection
EndGlobal
